github.com/Psiphon-Labs/psiphon-tunnel-core v2.0.28+incompatible h1:d+rqXUuqGXk6JrShHWUQDybeAaKTVKLnLTtuoaiXKZk=
github.com/Psiphon-Labs/psiphon-tunnel-core v2.0.28+incompatible/go.mod h1:VcNEtiQ0z2sCGJf16ZGcpwCas5+r9rt+P20r6LlJ06U=
github.com/refraction-networking/utls v1.6.1 h1:n1JG5karzdGWsI6iZmGrOv3SNzR4c+4M8J6KWGsk3lA=
github.com/refraction-networking/utls v1.6.1/go.mod h1:+EbcQOvQvXoFV9AEKbuGlljt1doLRKAVY1jJHe9EtDo=
golang.org/x/crypto v0.18.0 h1:PGVlW0xEltQnzFZ55hkuX5+KLyrMYhHld1YHO4AKcdc=
golang.org/x/crypto v0.18.0/go.mod h1:R0j02AL6hcrfOiy9T4ZYp/rcWeMxM3L6QYxlOuEG1mg=
golang.org/x/sys v0.16.0 h1:xWw16ngr6ZMtmxDyKyIgsE93KNKz5HKmMa3b8ALHidU=
golang.org/x/sys v0.16.0/go.mod h1:/VUhepiaJMQUp4+oa/7Zr1D23ma6VTLIYjOOTFZPUcA=
